// !$*UTF8*$!
{
	archiveVersion = 1;
	classes = {
	};
	objectVersion = 50;
	objects = {

/* Begin PBXBuildFile section */
		52242B082323116C00BB94CF /* AppDelegate.swift in Sources */ = {isa = PBXBuildFile; fileRef = 52242B072323116C00BB94CF /* AppDelegate.swift */; };
		52242B0A2323116C00BB94CF /* ViewController.swift in Sources */ = {isa = PBXBuildFile; fileRef = 52242B092323116C00BB94CF /* ViewController.swift */; };
		52242B0D2323116C00BB94CF /* Main.storyboard in Resources */ = {isa = PBXBuildFile; fileRef = 52242B0B2323116C00BB94CF /* Main.storyboard */; };
		52242B102323116C00BB94CF /* App_Movies.xcdatamodeld in Sources */ = {isa = PBXBuildFile; fileRef = 52242B0E2323116C00BB94CF /* App_Movies.xcdatamodeld */; };
		52242B122323116D00BB94CF /* Assets.xcassets in Resources */ = {isa = PBXBuildFile; fileRef = 52242B112323116D00BB94CF /* Assets.xcassets */; };
		52242B152323116D00BB94CF /* LaunchScreen.storyboard in Resources */ = {isa = PBXBuildFile; fileRef = 52242B132323116D00BB94CF /* LaunchScreen.storyboard */; };
		52242B202323116D00BB94CF /* App_MoviesTests.swift in Sources */ = {isa = PBXBuildFile; fileRef = 52242B1F2323116D00BB94CF /* App_MoviesTests.swift */; };
		52242B2B2323116D00BB94CF /* App_MoviesUITests.swift in Sources */ = {isa = PBXBuildFile; fileRef = 52242B2A2323116D00BB94CF /* App_MoviesUITests.swift */; };
/* End PBXBuildFile section */

/* Begin PBXContainerItemProxy section */
		52242B1C2323116D00BB94CF /* PBXContainerItemProxy */ = {
			isa = PBXContainerItemProxy;
			containerPortal = 52242AFC2323116C00BB94CF /* Project object */;
			proxyType = 1;
			remoteGlobalIDString = 52242B032323116C00BB94CF;
			remoteInfo = "App-Movies";
		};
		52242B272323116D00BB94CF /* PBXContainerItemProxy */ = {
			isa = PBXContainerItemProxy;
			containerPortal = 52242AFC2323116C00BB94CF /* Project object */;
			proxyType = 1;
			remoteGlobalIDString = 52242B032323116C00BB94CF;
			remoteInfo = "App-Movies";
		};
/* End PBXContainerItemProxy section */

/* Begin PBXFileReference section */
		52242B042323116C00BB94CF /* App-Movies.app */ = {isa = PBXFileReference; explicitFileType = wrapper.application; includeInIndex = 0; path = "App-Movies.app"; sourceTree = BUILT_PRODUCTS_DIR; };
		52242B072323116C00BB94CF /* AppDelegate.swift */ = {isa = PBXFileReference; lastKnownFileType = sourcecode.swift; path = AppDelegate.swift; sourceTree = "<group>"; };
		52242B092323116C00BB94CF /* ViewController.swift */ = {isa = PBXFileReference; lastKnownFileType = sourcecode.swift; path = ViewController.swift; sourceTree = "<group>"; };
		52242B0C2323116C00BB94CF /* Base */ = {isa = PBXFileReference; lastKnownFileType = file.storyboard; name = Base; path = Base.lproj/Main.storyboard; sourceTree = "<group>"; };
		52242B0F2323116C00BB94CF /* App_Movies.xcdatamodel */ = {isa = PBXFileReference; lastKnownFileType = wrapper.xcdatamodel; path = App_Movies.xcdatamodel; sourceTree = "<group>"; };
		52242B112323116D00BB94CF /* Assets.xcassets */ = {isa = PBXFileReference; lastKnownFileType = folder.assetcatalog; path = Assets.xcassets; sourceTree = "<group>"; };
		52242B142323116D00BB94CF /* Base */ = {isa = PBXFileReference; lastKnownFileType = file.storyboard; name = Base; path = Base.lproj/LaunchScreen.storyboard; sourceTree = "<group>"; };
		52242B162323116D00BB94CF /* Info.plist */ = {isa = PBXFileReference; lastKnownFileType = text.plist.xml; path = Info.plist; sourceTree = "<group>"; };
		52242B1B2323116D00BB94CF /* App-MoviesTests.xctest */ = {isa = PBXFileReference; explicitFileType = wrapper.cfbundle; includeInIndex = 0; path = "App-MoviesTests.xctest"; sourceTree = BUILT_PRODUCTS_DIR; };
		52242B1F2323116D00BB94CF /* App_MoviesTests.swift */ = {isa = PBXFileReference; lastKnownFileType = sourcecode.swift; path = App_MoviesTests.swift; sourceTree = "<group>"; };
		52242B212323116D00BB94CF /* Info.plist */ = {isa = PBXFileReference; lastKnownFileType = text.plist.xml; path = Info.plist; sourceTree = "<group>"; };
		52242B262323116D00BB94CF /* App-MoviesUITests.xctest */ = {isa = PBXFileReference; explicitFileType = wrapper.cfbundle; includeInIndex = 0; path = "App-MoviesUITests.xctest"; sourceTree = BUILT_PRODUCTS_DIR; };
		52242B2A2323116D00BB94CF /* App_MoviesUITests.swift */ = {isa = PBXFileReference; lastKnownFileType = sourcecode.swift; path = App_MoviesUITests.swift; sourceTree = "<group>"; };
		52242B2C2323116D00BB94CF /* Info.plist */ = {isa = PBXFileReference; lastKnownFileType = text.plist.xml; path = Info.plist; sourceTree = "<group>"; };
/* End PBXFileReference section */

/* Begin PBXFrameworksBuildPhase section */
		52242B012323116C00BB94CF /* Frameworks */ = {
			isa = PBXFrameworksBuildPhase;
			buildActionMask = 2147483647;
			files = (
			);
			runOnlyForDeploymentPostprocessing = 0;
		};
		52242B182323116D00BB94CF /* Frameworks */ = {
			isa = PBXFrameworksBuildPhase;
			buildActionMask = 2147483647;
			files = (
			);
			runOnlyForDeploymentPostprocessing = 0;
		};
		52242B232323116D00BB94CF /* Frameworks */ = {
			isa = PBXFrameworksBuildPhase;
			buildActionMask = 2147483647;
			files = (
			);
			runOnlyForDeploymentPostprocessing = 0;
		};
/* End PBXFrameworksBuildPhase section */

/* Begin PBXGroup section */
		52242AFB2323116C00BB94CF = {
			isa = PBXGroup;
			children = (
				52242B062323116C00BB94CF /* App-Movies */,
				52242B1E2323116D00BB94CF /* App-MoviesTests */,
				52242B292323116D00BB94CF /* App-MoviesUITests */,
				52242B052323116C00BB94CF /* Products */,
			);
			sourceTree = "<group>";
		};
		52242B052323116C00BB94CF /* Products */ = {
			isa = PBXGroup;
			children = (
				52242B042323116C00BB94CF /* App-Movies.app */,
				52242B1B2323116D00BB94CF /* App-MoviesTests.xctest */,
				52242B262323116D00BB94CF /* App-MoviesUITests.xctest */,
			);
			name = Products;
			sourceTree = "<group>";
		};
		52242B062323116C00BB94CF /* App-Movies */ = {
			isa = PBXGroup;
			children = (
				52242B072323116C00BB94CF /* AppDelegate.swift */,
				52242B092323116C00BB94CF /* ViewController.swift */,
				52242B0B2323116C00BB94CF /* Main.storyboard */,
				52242B112323116D00BB94CF /* Assets.xcassets */,
				52242B132323116D00BB94CF /* LaunchScreen.storyboard */,
				52242B162323116D00BB94CF /* Info.plist */,
				52242B0E2323116C00BB94CF /* App_Movies.xcdatamodeld */,
			);
			path = "App-Movies";
			sourceTree = "<group>";
		};
		52242B1E2323116D00BB94CF /* App-MoviesTests */ = {
			isa = PBXGroup;
			children = (
				52242B1F2323116D00BB94CF /* App_MoviesTests.swift */,
				52242B212323116D00BB94CF /* Info.plist */,
			);
			path = "App-MoviesTests";
			sourceTree = "<group>";
		};
		52242B292323116D00BB94CF /* App-MoviesUITests */ = {
			isa = PBXGroup;
			children = (
				52242B2A2323116D00BB94CF /* App_MoviesUITests.swift */,
				52242B2C2323116D00BB94CF /* Info.plist */,
			);
			path = "App-MoviesUITests";
			sourceTree = "<group>";
		};
/* End PBXGroup section */

/* Begin PBXNativeTarget section */
		52242B032323116C00BB94CF /* App-Movies */ = {
			isa = PBXNativeTarget;
			buildConfigurationList = 52242B2F2323116D00BB94CF /* Build configuration list for PBXNativeTarget "App-Movies" */;
			buildPhases = (
				52242B002323116C00BB94CF /* Sources */,
				52242B012323116C00BB94CF /* Frameworks */,
				52242B022323116C00BB94CF /* Resources */,
			);
			buildRules = (
			);
			dependencies = (
			);
			name = "App-Movies";
			productName = "App-Movies";
			productReference = 52242B042323116C00BB94CF /* App-Movies.app */;
			productType = "com.apple.product-type.application";
		};
		52242B1A2323116D00BB94CF /* App-MoviesTests */ = {
			isa = PBXNativeTarget;
			buildConfigurationList = 52242B322323116D00BB94CF /* Build configuration list for PBXNativeTarget "App-MoviesTests" */;
			buildPhases = (
				52242B172323116D00BB94CF /* Sources */,
				52242B182323116D00BB94CF /* Frameworks */,
				52242B192323116D00BB94CF /* Resources */,
			);
			buildRules = (
			);
			dependencies = (
				52242B1D2323116D00BB94CF /* PBXTargetDependency */,
			);
			name = "App-MoviesTests";
			productName = "App-MoviesTests";
			productReference = 52242B1B2323116D00BB94CF /* App-MoviesTests.xctest */;
			productType = "com.apple.product-type.bundle.unit-test";
		};
		52242B252323116D00BB94CF /* App-MoviesUITests */ = {
			isa = PBXNativeTarget;
			buildConfigurationList = 52242B352323116D00BB94CF /* Build configuration list for PBXNativeTarget "App-MoviesUITests" */;
			buildPhases = (
				52242B222323116D00BB94CF /* Sources */,
				52242B232323116D00BB94CF /* Frameworks */,
				52242B242323116D00BB94CF /* Resources */,
			);
			buildRules = (
			);
			dependencies = (
				52242B282323116D00BB94CF /* PBXTargetDependency */,
			);
			name = "App-MoviesUITests";
			productName = "App-MoviesUITests";
			productReference = 52242B262323116D00BB94CF /* App-MoviesUITests.xctest */;
			productType = "com.apple.product-type.bundle.ui-testing";
		};
/* End PBXNativeTarget section */

/* Begin PBXProject section */
		52242AFC2323116C00BB94CF /* Project object */ = {
			isa = PBXProject;
			attributes = {
				LastSwiftUpdateCheck = 1020;
				LastUpgradeCheck = 1020;
				ORGANIZATIONNAME = "João Gabriel Borelli Padilha";
				TargetAttributes = {
					52242B032323116C00BB94CF = {
						CreatedOnToolsVersion = 10.2.1;
					};
					52242B1A2323116D00BB94CF = {
						CreatedOnToolsVersion = 10.2.1;
						TestTargetID = 52242B032323116C00BB94CF;
					};
					52242B252323116D00BB94CF = {
						CreatedOnToolsVersion = 10.2.1;
						TestTargetID = 52242B032323116C00BB94CF;
					};
				};
			};
			buildConfigurationList = 52242AFF2323116C00BB94CF /* Build configuration list for PBXProject "App-Movies" */;
			compatibilityVersion = "Xcode 9.3";
			developmentRegion = en;
			hasScannedForEncodings = 0;
			knownRegions = (
				en,
				Base,
			);
			mainGroup = 52242AFB2323116C00BB94CF;
			productRefGroup = 52242B052323116C00BB94CF /* Products */;
			projectDirPath = "";
			projectRoot = "";
			targets = (
				52242B032323116C00BB94CF /* App-Movies */,
				52242B1A2323116D00BB94CF /* App-MoviesTests */,
				52242B252323116D00BB94CF /* App-MoviesUITests */,
			);
		};
/* End PBXProject section */

/* Begin PBXResourcesBuildPhase section */
		52242B022323116C00BB94CF /* Resources */ = {
			isa = PBXResourcesBuildPhase;
			buildActionMask = 2147483647;
			files = (
				52242B152323116D00BB94CF /* LaunchScreen.storyboard in Resources */,
				52242B122323116D00BB94CF /* Assets.xcassets in Resources */,
				52242B0D2323116C00BB94CF /* Main.storyboard in Resources */,
			);
			runOnlyForDeploymentPostprocessing = 0;
		};
		52242B192323116D00BB94CF /* Resources */ = {
			isa = PBXResourcesBuildPhase;
			buildActionMask = 2147483647;
			files = (
			);
			runOnlyForDeploymentPostprocessing = 0;
		};
		52242B242323116D00BB94CF /* Resources */ = {
			isa = PBXResourcesBuildPhase;
			buildActionMask = 2147483647;
			files = (
			);
			runOnlyForDeploymentPostprocessing = 0;
		};
/* End PBXResourcesBuildPhase section */

/* Begin PBXSourcesBuildPhase section */
		52242B002323116C00BB94CF /* Sources */ = {
			isa = PBXSourcesBuildPhase;
			buildActionMask = 2147483647;
			files = (
				52242B102323116C00BB94CF /* App_Movies.xcdatamodeld in Sources */,
				52242B0A2323116C00BB94CF /* ViewController.swift in Sources */,
				52242B082323116C00BB94CF /* AppDelegate.swift in Sources */,
			);
			runOnlyForDeploymentPostprocessing = 0;
		};
		52242B172323116D00BB94CF /* Sources */ = {
			isa = PBXSourcesBuildPhase;
			buildActionMask = 2147483647;
			files = (
				52242B202323116D00BB94CF /* App_MoviesTests.swift in Sources */,
			);
			runOnlyForDeploymentPostprocessing = 0;
		};
		52242B222323116D00BB94CF /* Sources */ = {
			isa = PBXSourcesBuildPhase;
			buildActionMask = 2147483647;
			files = (
				52242B2B2323116D00BB94CF /* App_MoviesUITests.swift in Sources */,
			);
			runOnlyForDeploymentPostprocessing = 0;
		};
/* End PBXSourcesBuildPhase section */

/* Begin PBXTargetDependency section */
		52242B1D2323116D00BB94CF /* PBXTargetDependency */ = {
			isa = PBXTargetDependency;
			target = 52242B032323116C00BB94CF /* App-Movies */;
			targetProxy = 52242B1C2323116D00BB94CF /* PBXContainerItemProxy */;
		};
		52242B282323116D00BB94CF /* PBXTargetDependency */ = {
			isa = PBXTargetDependency;
			target = 52242B032323116C00BB94CF /* App-Movies */;
			targetProxy = 52242B272323116D00BB94CF /* PBXContainerItemProxy */;
		};
/* End PBXTargetDependency section */

/* Begin PBXVariantGroup section */
		52242B0B2323116C00BB94CF /* Main.storyboard */ = {
			isa = PBXVariantGroup;
			children = (
				52242B0C2323116C00BB94CF /* Base */,
			);
			name = Main.storyboard;
			sourceTree = "<group>";
		};
		52242B132323116D00BB94CF /* LaunchScreen.storyboard */ = {
			isa = PBXVariantGroup;
			children = (
				52242B142323116D00BB94CF /* Base */,
			);
			name = LaunchScreen.storyboard;
			sourceTree = "<group>";
		};
/* End PBXVariantGroup section */

/* Begin XCBuildConfiguration section */
		52242B2D2323116D00BB94CF /* Debug */ = {
			isa = XCBuildConfiguration;
			buildSettings = {
				ALWAYS_SEARCH_USER_PATHS = NO;
				CLANG_ANALYZER_NONNULL = YES;
				CLANG_ANALYZER_NUMBER_OBJECT_CONVERSION = YES_AGGRESSIVE;
				CLANG_CXX_LANGUAGE_STANDARD = "gnu++14";
				CLANG_CXX_LIBRARY = "libc++";
				CLANG_ENABLE_MODULES = YES;
				CLANG_ENABLE_OBJC_ARC = YES;
				CLANG_ENABLE_OBJC_WEAK = YES;
				CLANG_WARN_BLOCK_CAPTURE_AUTORELEASING = YES;
				CLANG_WARN_BOOL_CONVERSION = YES;
				CLANG_WARN_COMMA = YES;
				CLANG_WARN_CONSTANT_CONVERSION = YES;
				CLANG_WARN_DEPRECATED_OBJC_IMPLEMENTATIONS = YES;
				CLANG_WARN_DIRECT_OBJC_ISA_USAGE = YES_ERROR;
				CLANG_WARN_DOCUMENTATION_COMMENTS = YES;
				CLANG_WARN_EMPTY_BODY = YES;
				CLANG_WARN_ENUM_CONVERSION = YES;
				CLANG_WARN_INFINITE_RECURSION = YES;
				CLANG_WARN_INT_CONVERSION = YES;
				CLANG_WARN_NON_LITERAL_NULL_CONVERSION = YES;
				CLANG_WARN_OBJC_IMPLICIT_RETAIN_SELF = YES;
				CLANG_WARN_OBJC_LITERAL_CONVERSION = YES;
				CLANG_WARN_OBJC_ROOT_CLASS = YES_ERROR;
				CLANG_WARN_RANGE_LOOP_ANALYSIS = YES;
				CLANG_WARN_STRICT_PROTOTYPES = YES;
				CLANG_WARN_SUSPICIOUS_MOVE = YES;
				CLANG_WARN_UNGUARDED_AVAILABILITY = YES_AGGRESSIVE;
				CLANG_WARN_UNREACHABLE_CODE = YES;
				CLANG_WARN__DUPLICATE_METHOD_MATCH = YES;
				CODE_SIGN_IDENTITY = "iPhone Developer";
				COPY_PHASE_STRIP = NO;
				DEBUG_INFORMATION_FORMAT = dwarf;
				ENABLE_STRICT_OBJC_MSGSEND = YES;
				ENABLE_TESTABILITY = YES;
				GCC_C_LANGUAGE_STANDARD = gnu11;
				GCC_DYNAMIC_NO_PIC = NO;
				GCC_NO_COMMON_BLOCKS = YES;
				GCC_OPTIMIZATION_LEVEL = 0;
				GCC_PREPROCESSOR_DEFINITIONS = (
					"DEBUG=1",
					"$(inherited)",
				);
				GCC_WARN_64_TO_32_BIT_CONVERSION = YES;
				GCC_WARN_ABOUT_RETURN_TYPE = YES_ERROR;
				GCC_WARN_UNDECLARED_SELECTOR = YES;
				GCC_WARN_UNINITIALIZED_AUTOS = YES_AGGRESSIVE;
				GCC_WARN_UNUSED_FUNCTION = YES;
				GCC_WARN_UNUSED_VARIABLE = YES;
				IPHONEOS_DEPLOYMENT_TARGET = 12.2;
				MTL_ENABLE_DEBUG_INFO = INCLUDE_SOURCE;
				MTL_FAST_MATH = YES;
				ONLY_ACTIVE_ARCH = YES;
				SDKROOT = iphoneos;
				SWIFT_ACTIVE_COMPILATION_CONDITIONS = DEBUG;
				SWIFT_OPTIMIZATION_LEVEL = "-Onone";
			};
			name = Debug;
		};
		52242B2E2323116D00BB94CF /* Release */ = {
			isa = XCBuildConfiguration;
			buildSettings = {
				ALWAYS_SEARCH_USER_PATHS = NO;
				CLANG_ANALYZER_NONNULL = YES;
				CLANG_ANALYZER_NUMBER_OBJECT_CONVERSION = YES_AGGRESSIVE;
				CLANG_CXX_LANGUAGE_STANDARD = "gnu++14";
				CLANG_CXX_LIBRARY = "libc++";
				CLANG_ENABLE_MODULES = YES;
				CLANG_ENABLE_OBJC_ARC = YES;
				CLANG_ENABLE_OBJC_WEAK = YES;
				CLANG_WARN_BLOCK_CAPTURE_AUTORELEASING = YES;
				CLANG_WARN_BOOL_CONVERSION = YES;
				CLANG_WARN_COMMA = YES;
				CLANG_WARN_CONSTANT_CONVERSION = YES;
				CLANG_WARN_DEPRECATED_OBJC_IMPLEMENTATIONS = YES;
				CLANG_WARN_DIRECT_OBJC_ISA_USAGE = YES_ERROR;
				CLANG_WARN_DOCUMENTATION_COMMENTS = YES;
				CLANG_WARN_EMPTY_BODY = YES;
				CLANG_WARN_ENUM_CONVERSION = YES;
				CLANG_WARN_INFINITE_RECURSION = YES;
				CLANG_WARN_INT_CONVERSION = YES;
				CLANG_WARN_NON_LITERAL_NULL_CONVERSION = YES;
				CLANG_WARN_OBJC_IMPLICIT_RETAIN_SELF = YES;
				CLANG_WARN_OBJC_LITERAL_CONVERSION = YES;
				CLANG_WARN_OBJC_ROOT_CLASS = YES_ERROR;
				CLANG_WARN_RANGE_LOOP_ANALYSIS = YES;
				CLANG_WARN_STRICT_PROTOTYPES = YES;
				CLANG_WARN_SUSPICIOUS_MOVE = YES;
				CLANG_WARN_UNGUARDED_AVAILABILITY = YES_AGGRESSIVE;
				CLANG_WARN_UNREACHABLE_CODE = YES;
				CLANG_WARN__DUPLICATE_METHOD_MATCH = YES;
				CODE_SIGN_IDENTITY = "iPhone Developer";
				COPY_PHASE_STRIP = NO;
				DEBUG_INFORMATION_FORMAT = "dwarf-with-dsym";
				ENABLE_NS_ASSERTIONS = NO;
				ENABLE_STRICT_OBJC_MSGSEND = YES;
				GCC_C_LANGUAGE_STANDARD = gnu11;
				GCC_NO_COMMON_BLOCKS = YES;
				GCC_WARN_64_TO_32_BIT_CONVERSION = YES;
				GCC_WARN_ABOUT_RETURN_TYPE = YES_ERROR;
				GCC_WARN_UNDECLARED_SELECTOR = YES;
				GCC_WARN_UNINITIALIZED_AUTOS = YES_AGGRESSIVE;
				GCC_WARN_UNUSED_FUNCTION = YES;
				GCC_WARN_UNUSED_VARIABLE = YES;
				IPHONEOS_DEPLOYMENT_TARGET = 12.2;
				MTL_ENABLE_DEBUG_INFO = NO;
				MTL_FAST_MATH = YES;
				SDKROOT = iphoneos;
				SWIFT_COMPILATION_MODE = wholemodule;
				SWIFT_OPTIMIZATION_LEVEL = "-O";
				VALIDATE_PRODUCT = YES;
			};
			name = Release;
		};
		52242B302323116D00BB94CF /* Debug */ = {
			isa = XCBuildConfiguration;
			buildSettings = {
				ASSETCATALOG_COMPILER_APPICON_NAME = AppIcon;
				CODE_SIGN_STYLE = Automatic;
				DEVELOPMENT_TEAM = 8CEGBA729H;
				INFOPLIST_FILE = "App-Movies/Info.plist";
				LD_RUNPATH_SEARCH_PATHS = (
					"$(inherited)",
					"@executable_path/Frameworks",
				);
				PRODUCT_BUNDLE_IDENTIFIER = "Joao.App-Movies";
				PRODUCT_NAME = "$(TARGET_NAME)";
				SWIFT_VERSION = 5.0;
				TARGETED_DEVICE_FAMILY = "1,2";
			};
			name = Debug;
		};
		52242B312323116D00BB94CF /* Release */ = {
			isa = XCBuildConfiguration;
			buildSettings = {
				ASSETCATALOG_COMPILER_APPICON_NAME = AppIcon;
				CODE_SIGN_STYLE = Automatic;
				DEVELOPMENT_TEAM = 8CEGBA729H;
				INFOPLIST_FILE = "App-Movies/Info.plist";
				LD_RUNPATH_SEARCH_PATHS = (
					"$(inherited)",
					"@executable_path/Frameworks",
				);
				PRODUCT_BUNDLE_IDENTIFIER = "Joao.App-Movies";
				PRODUCT_NAME = "$(TARGET_NAME)";
				SWIFT_VERSION = 5.0;
				TARGETED_DEVICE_FAMILY = "1,2";
			};
			name = Release;
		};
		52242B332323116D00BB94CF /* Debug */ = {
			isa = XCBuildConfiguration;
			buildSettings = {
				ALWAYS_EMBED_SWIFT_STANDARD_LIBRARIES = YES;
				BUNDLE_LOADER = "$(TEST_HOST)";
				CODE_SIGN_STYLE = Automatic;
				DEVELOPMENT_TEAM = 8CEGBA729H;
				INFOPLIST_FILE = "App-MoviesTests/Info.plist";
				LD_RUNPATH_SEARCH_PATHS = (
					"$(inherited)",
					"@executable_path/Frameworks",
					"@loader_path/Frameworks",
				);
				PRODUCT_BUNDLE_IDENTIFIER = "Joao.App-MoviesTests";
				PRODUCT_NAME = "$(TARGET_NAME)";
				SWIFT_VERSION = 5.0;
				TARGETED_DEVICE_FAMILY = "1,2";
				TEST_HOST = "$(BUILT_PRODUCTS_DIR)/App-Movies.app/App-Movies";
			};
			name = Debug;
		};
		52242B342323116D00BB94CF /* Release */ = {
			isa = XCBuildConfiguration;
			buildSettings = {
				ALWAYS_EMBED_SWIFT_STANDARD_LIBRARIES = YES;
				BUNDLE_LOADER = "$(TEST_HOST)";
				CODE_SIGN_STYLE = Automatic;
				DEVELOPMENT_TEAM = 8CEGBA729H;
				INFOPLIST_FILE = "App-MoviesTests/Info.plist";
				LD_RUNPATH_SEARCH_PATHS = (
					"$(inherited)",
					"@executable_path/Frameworks",
					"@loader_path/Frameworks",
				);
				PRODUCT_BUNDLE_IDENTIFIER = "Joao.App-MoviesTests";
				PRODUCT_NAME = "$(TARGET_NAME)";
				SWIFT_VERSION = 5.0;
				TARGETED_DEVICE_FAMILY = "1,2";
				TEST_HOST = "$(BUILT_PRODUCTS_DIR)/App-Movies.app/App-Movies";
			};
			name = Release;
		};
		52242B362323116D00BB94CF /* Debug */ = {
			isa = XCBuildConfiguration;
			buildSettings = {
				ALWAYS_EMBED_SWIFT_STANDARD_LIBRARIES = YES;
				CODE_SIGN_STYLE = Automatic;
				DEVELOPMENT_TEAM = 8CEGBA729H;
				INFOPLIST_FILE = "App-MoviesUITests/Info.plist";
				LD_RUNPATH_SEARCH_PATHS = (
					"$(inherited)",
					"@executable_path/Frameworks",
					"@loader_path/Frameworks",
				);
				PRODUCT_BUNDLE_IDENTIFIER = "Joao.App-MoviesUITests";
				PRODUCT_NAME = "$(TARGET_NAME)";
				SWIFT_VERSION = 5.0;
				TARGETED_DEVICE_FAMILY = "1,2";
				TEST_TARGET_NAME = "App-Movies";
			};
			name = Debug;
		};
		52242B372323116D00BB94CF /* Release */ = {
			isa = XCBuildConfiguration;
			buildSettings = {
				ALWAYS_EMBED_SWIFT_STANDARD_LIBRARIES = YES;
				CODE_SIGN_STYLE = Automatic;
				DEVELOPMENT_TEAM = 8CEGBA729H;
				INFOPLIST_FILE = "App-MoviesUITests/Info.plist";
				LD_RUNPATH_SEARCH_PATHS = (
					"$(inherited)",
					"@executable_path/Frameworks",
					"@loader_path/Frameworks",
				);
				PRODUCT_BUNDLE_IDENTIFIER = "Joao.App-MoviesUITests";
				PRODUCT_NAME = "$(TARGET_NAME)";
				SWIFT_VERSION = 5.0;
				TARGETED_DEVICE_FAMILY = "1,2";
				TEST_TARGET_NAME = "App-Movies";
			};
			name = Release;
		};
/* End XCBuildConfiguration section */

/* Begin XCConfigurationList section */
		52242AFF2323116C00BB94CF /* Build configuration list for PBXProject "App-Movies" */ = {
			isa = XCConfigurationList;
			buildConfigurations = (
				52242B2D2323116D00BB94CF /* Debug */,
				52242B2E2323116D00BB94CF /* Release */,
			);
			defaultConfigurationIsVisible = 0;
			defaultConfigurationName = Release;
		};
		52242B2F2323116D00BB94CF /* Build configuration list for PBXNativeTarget "App-Movies" */ = {
			isa = XCConfigurationList;
			buildConfigurations = (
				52242B302323116D00BB94CF /* Debug */,
				52242B312323116D00BB94CF /* Release */,
			);
			defaultConfigurationIsVisible = 0;
			defaultConfigurationName = Release;
		};
		52242B322323116D00BB94CF /* Build configuration list for PBXNativeTarget "App-MoviesTests" */ = {
			isa = XCConfigurationList;
			buildConfigurations = (
				52242B332323116D00BB94CF /* Debug */,
				52242B342323116D00BB94CF /* Release */,
			);
			defaultConfigurationIsVisible = 0;
			defaultConfigurationName = Release;
		};
		52242B352323116D00BB94CF /* Build configuration list for PBXNativeTarget "App-MoviesUITests" */ = {
			isa = XCConfigurationList;
			buildConfigurations = (
				52242B362323116D00BB94CF /* Debug */,
				52242B372323116D00BB94CF /* Release */,
			);
			defaultConfigurationIsVisible = 0;
			defaultConfigurationName = Release;
		};
/* End XCConfigurationList section */

/* Begin XCVersionGroup section */
		52242B0E2323116C00BB94CF /* App_Movies.xcdatamodeld */ = {
			isa = XCVersionGroup;
			children = (
				52242B0F2323116C00BB94CF /* App_Movies.xcdatamodel */,
			);
			currentVersion = 52242B0F2323116C00BB94CF /* App_Movies.xcdatamodel */;
			path = App_Movies.xcdatamodeld;
			sourceTree = "<group>";
			versionGroupType = wrapper.xcdatamodel;
		};
/* End XCVersionGroup section */
	};
	rootObject = 52242AFC2323116C00BB94CF /* Project object */;
}
